
Microsoft Visual Studio Solution File, Format Version 12.00
# Visual Studio 15
VisualStudioVersion = 15.0.27703.2000
MinimumVisualStudioVersion = 10.0.40219.1
Project("{2150E333-8FDC-42A3-9474-1A3956D46DE8}") = "assn1", "assn1", "{B1508562-CC98-427F-AD4F-E372F813135C}"
	ProjectSection(SolutionItems) = preProject
		assn1\main.cc = assn1\main.cc
		assn1\Makefile = assn1\Makefile
		assn1\output = assn1\output
	EndProjectSection
EndProject
Project("{2150E333-8FDC-42A3-9474-1A3956D46DE8}") = "assn2", "assn2", "{5E07C5E7-D52F-4752-9FC5-22740DCD4FD4}"
	ProjectSection(SolutionItems) = preProject
		assn2\Dog.cc = assn2\Dog.cc
		assn2\Dog.h = assn2\Dog.h
		assn2\Doxyfile = assn2\Doxyfile
		assn2\main.cc = assn2\main.cc
		assn2\Makefile = assn2\Makefile
	EndProjectSection
EndProject
Project("{2150E333-8FDC-42A3-9474-1A3956D46DE8}") = "assn3", "assn3", "{F1F5BDF5-6B92-4438-880D-C1E37263B1A6}"
	ProjectSection(SolutionItems) = preProject
		assn3\Doxyfile = assn3\Doxyfile
		assn3\main.cc = assn3\main.cc
		assn3\Makefile = assn3\Makefile
		assn3\MyArray.cc = assn3\MyArray.cc
		assn3\MyArray.h = assn3\MyArray.h
	EndProjectSection
EndProject
Project("{2150E333-8FDC-42A3-9474-1A3956D46DE8}") = "blackjack", "blackjack", "{E7AE347C-A9B3-4751-878D-5A05F108600F}"
	ProjectSection(SolutionItems) = preProject
		blackjack\ArgParser.cc = blackjack\ArgParser.cc
		blackjack\ArgParser.h = blackjack\ArgParser.h
		blackjack\Card.cc = blackjack\Card.cc
		blackjack\Card.h = blackjack\Card.h
		blackjack\ConsoleEventHandler.cc = blackjack\ConsoleEventHandler.cc
		blackjack\ConsoleEventHandler.h = blackjack\ConsoleEventHandler.h
		blackjack\ConsoleUI.cc = blackjack\ConsoleUI.cc
		blackjack\ConsoleUI.h = blackjack\ConsoleUI.h
		blackjack\Dealer.cc = blackjack\Dealer.cc
		blackjack\Dealer.h = blackjack\Dealer.h
		blackjack\Deck.cc = blackjack\Deck.cc
		blackjack\Deck.h = blackjack\Deck.h
		blackjack\Doxyfile = blackjack\Doxyfile
		blackjack\Game.cc = blackjack\Game.cc
		blackjack\Game.h = blackjack\Game.h
		blackjack\Hand.cc = blackjack\Hand.cc
		blackjack\Hand.h = blackjack\Hand.h
		blackjack\main.cc = blackjack\main.cc
		blackjack\Makefile = blackjack\Makefile
		blackjack\Player.cc = blackjack\Player.cc
		blackjack\Player.h = blackjack\Player.h
	EndProjectSection
EndProject
Project("{2150E333-8FDC-42A3-9474-1A3956D46DE8}") = "poker-ori", "poker-ori", "{F10409CD-3A10-42D9-A958-F881917616AB}"
	ProjectSection(SolutionItems) = preProject
		poker\ArgParser.cc = poker\ArgParser.cc
		poker\ArgParser.h = poker\ArgParser.h
		poker\BankRoll.cc = poker\BankRoll.cc
		poker\BankRoll.h = poker\BankRoll.h
		poker\Card.cc = poker\Card.cc
		poker\Card.h = poker\Card.h
		poker\Deck.cc = poker\Deck.cc
		poker\Deck.h = poker\Deck.h
		poker\Doxyfile = poker\Doxyfile
		poker\FiveCardStudGame.cc = poker\FiveCardStudGame.cc
		poker\FiveCardStudGame.h = poker\FiveCardStudGame.h
		poker\Hand.cc = poker\Hand.cc
		poker\Hand.h = poker\Hand.h
		poker\main.cc = poker\main.cc
		poker\Makefile = poker\Makefile
		poker\PokerArgParser.cc = poker\PokerArgParser.cc
		poker\PokerArgParser.h = poker\PokerArgParser.h
		poker\PokerMachine.cc = poker\PokerMachine.cc
		poker\PokerMachine.h = poker\PokerMachine.h
		poker\PokerUI.cc = poker\PokerUI.cc
		poker\PokerUI.h = poker\PokerUI.h
		poker\StreamHelper.cc = poker\StreamHelper.cc
		poker\StreamHelper.h = poker\StreamHelper.h
	EndProjectSection
EndProject
Project("{2150E333-8FDC-42A3-9474-1A3956D46DE8}") = "graded", "graded", "{1E3B8363-21A7-4073-8405-7E3E628D855D}"
EndProject
Project("{8BC9CEB8-8B4A-11D0-8D11-00A0C91BC942}") = "poker", "poker\poker.vcxproj", "{6557C418-7188-49AB-A2E2-01391F79769D}"
EndProject
Project("{8BC9CEB8-8B4A-11D0-8D11-00A0C91BC942}") = "assn8", "assn8\assn8.vcxproj", "{7E2EFD81-9F98-41C0-BF0B-9A2143F1C798}"
EndProject
Project("{2150E333-8FDC-42A3-9474-1A3956D46DE8}") = "gals", "gals", "{F48578A2-8CE9-4219-9E51-8BC3435D42DD}"
	ProjectSection(SolutionItems) = preProject
		gals\Admin.py = gals\Admin.py
		gals\Bearer.py = gals\Bearer.py
		gals\Book.py = gals\Book.py
		gals\Employee.py = gals\Employee.py
		gals\gals.py = gals\gals.py
		gals\Kiosk.py = gals\Kiosk.py
		gals\MainLibrarySystem.py = gals\MainLibrarySystem.py
		gals\Patron.py = gals\Patron.py
		gals\Request.py = gals\Request.py
		gals\Reservation.py = gals\Reservation.py
		gals\Title.py = gals\Title.py
		gals\User.py = gals\User.py
		gals\UserWebService.py = gals\UserWebService.py
	EndProjectSection
EndProject
Project("{2150E333-8FDC-42A3-9474-1A3956D46DE8}") = "unused", "unused", "{27472D41-40E4-4EF4-92DE-C5A0FA490735}"
	ProjectSection(SolutionItems) = preProject
		gals\Inventory.py = gals\Inventory.py
		gals\inventory.yaml = gals\inventory.yaml
	EndProjectSection
EndProject
Project("{8BC9CEB8-8B4A-11D0-8D11-00A0C91BC942}") = "assn9", "assn9\assn9.vcxproj", "{197BFD59-E418-43CF-9738-F5C53E45CBF1}"
EndProject
Global
	GlobalSection(SolutionConfigurationPlatforms) = preSolution
		Debug|x64 = Debug|x64
		Debug|x86 = Debug|x86
		Release|x64 = Release|x64
		Release|x86 = Release|x86
	EndGlobalSection
	GlobalSection(ProjectConfigurationPlatforms) = postSolution
		{6557C418-7188-49AB-A2E2-01391F79769D}.Debug|x64.ActiveCfg = Debug|x64
		{6557C418-7188-49AB-A2E2-01391F79769D}.Debug|x64.Build.0 = Debug|x64
		{6557C418-7188-49AB-A2E2-01391F79769D}.Debug|x86.ActiveCfg = Debug|Win32
		{6557C418-7188-49AB-A2E2-01391F79769D}.Debug|x86.Build.0 = Debug|Win32
		{6557C418-7188-49AB-A2E2-01391F79769D}.Release|x64.ActiveCfg = Release|x64
		{6557C418-7188-49AB-A2E2-01391F79769D}.Release|x64.Build.0 = Release|x64
		{6557C418-7188-49AB-A2E2-01391F79769D}.Release|x86.ActiveCfg = Release|Win32
		{6557C418-7188-49AB-A2E2-01391F79769D}.Release|x86.Build.0 = Release|Win32
		{7E2EFD81-9F98-41C0-BF0B-9A2143F1C798}.Debug|x64.ActiveCfg = Debug|x64
		{7E2EFD81-9F98-41C0-BF0B-9A2143F1C798}.Debug|x64.Build.0 = Debug|x64
		{7E2EFD81-9F98-41C0-BF0B-9A2143F1C798}.Debug|x86.ActiveCfg = Debug|Win32
		{7E2EFD81-9F98-41C0-BF0B-9A2143F1C798}.Debug|x86.Build.0 = Debug|Win32
		{7E2EFD81-9F98-41C0-BF0B-9A2143F1C798}.Release|x64.ActiveCfg = Release|x64
		{7E2EFD81-9F98-41C0-BF0B-9A2143F1C798}.Release|x64.Build.0 = Release|x64
		{7E2EFD81-9F98-41C0-BF0B-9A2143F1C798}.Release|x86.ActiveCfg = Release|Win32
		{7E2EFD81-9F98-41C0-BF0B-9A2143F1C798}.Release|x86.Build.0 = Release|Win32
		{197BFD59-E418-43CF-9738-F5C53E45CBF1}.Debug|x64.ActiveCfg = Debug|x64
		{197BFD59-E418-43CF-9738-F5C53E45CBF1}.Debug|x64.Build.0 = Debug|x64
		{197BFD59-E418-43CF-9738-F5C53E45CBF1}.Debug|x86.ActiveCfg = Debug|Win32
		{197BFD59-E418-43CF-9738-F5C53E45CBF1}.Debug|x86.Build.0 = Debug|Win32
		{197BFD59-E418-43CF-9738-F5C53E45CBF1}.Release|x64.ActiveCfg = Release|x64
		{197BFD59-E418-43CF-9738-F5C53E45CBF1}.Release|x64.Build.0 = Release|x64
		{197BFD59-E418-43CF-9738-F5C53E45CBF1}.Release|x86.ActiveCfg = Release|Win32
		{197BFD59-E418-43CF-9738-F5C53E45CBF1}.Release|x86.Build.0 = Release|Win32
	EndGlobalSection
	GlobalSection(SolutionProperties) = preSolution
		HideSolutionNode = FALSE
	EndGlobalSection
	GlobalSection(NestedProjects) = preSolution
		{B1508562-CC98-427F-AD4F-E372F813135C} = {1E3B8363-21A7-4073-8405-7E3E628D855D}
		{5E07C5E7-D52F-4752-9FC5-22740DCD4FD4} = {1E3B8363-21A7-4073-8405-7E3E628D855D}
		{F1F5BDF5-6B92-4438-880D-C1E37263B1A6} = {1E3B8363-21A7-4073-8405-7E3E628D855D}
		{E7AE347C-A9B3-4751-878D-5A05F108600F} = {1E3B8363-21A7-4073-8405-7E3E628D855D}
		{F10409CD-3A10-42D9-A958-F881917616AB} = {1E3B8363-21A7-4073-8405-7E3E628D855D}
		{6557C418-7188-49AB-A2E2-01391F79769D} = {1E3B8363-21A7-4073-8405-7E3E628D855D}
		{27472D41-40E4-4EF4-92DE-C5A0FA490735} = {F48578A2-8CE9-4219-9E51-8BC3435D42DD}
	EndGlobalSection
	GlobalSection(ExtensibilityGlobals) = postSolution
		SolutionGuid = {72B1B9D6-BFE1-4089-A1DB-9EE10BC025E7}
	EndGlobalSection
EndGlobal
